
Microsoft Visual Studio Solution File, Format Version 12.00
# Visual Studio 2015
Project("{FAE04EC0-301F-11D3-BF4B-00C04F79EFBC}") = "Candy Clone", "Candy Clone.csproj", "{C98E4590-B0E7-ECF0-378D-6DA55DACA481}"
EndProject
Global
	GlobalSection(SolutionConfigurationPlatforms) = preSolution
		Debug|Any CPU = Debug|Any CPU
		Release|Any CPU = Release|Any CPU
	EndGlobalSection
	GlobalSection(ProjectConfigurationPlatforms) = postSolution
		{C98E4590-B0E7-ECF0-378D-6DA55DACA481}.Debug|Any CPU.ActiveCfg = Debug|Any CPU
		{C98E4590-B0E7-ECF0-378D-6DA55DACA481}.Debug|Any CPU.Build.0 = Debug|Any CPU
		{C98E4590-B0E7-ECF0-378D-6DA55DACA481}.Release|Any CPU.ActiveCfg = Release|Any CPU
		{C98E4590-B0E7-ECF0-378D-6DA55DACA481}.Release|Any CPU.Build.0 = Release|Any CPU
	EndGlobalSection
	GlobalSection(SolutionProperties) = preSolution
		HideSolutionNode = FALSE
	EndGlobalSection
EndGlobal
